
Microsoft Visual Studio Solution File, Format Version 12.00
# Visual Studio Version 17
VisualStudioVersion = 17.10.35013.160
MinimumVisualStudioVersion = 10.0.40219.1
Project("{FAE04EC0-301F-11D3-BF4B-00C04F79EFBC}") = "IntroPOO", "IntroPOO.csproj", "{BD0AECA6-3CC9-43B7-8B27-512AD4E07E4A}"
EndProject
Project("{FAE04EC0-301F-11D3-BF4B-00C04F79EFBC}") = "POOSemana1Console", "..\POOSemana1Console\POOSemana1Console.csproj", "{69B7EC4D-975C-4CE8-A4AF-06832BF2A15F}"
EndProject
Project("{FAE04EC0-301F-11D3-BF4B-00C04F79EFBC}") = "Ordenamiento", "..\Ordenamiento\Ordenamiento.csproj", "{FF0F3BE0-5C32-444C-89DC-DD441F3C746C}"
EndProject
Project("{FAE04EC0-301F-11D3-BF4B-00C04F79EFBC}") = "MiniTienda", "..\MiniTienda\MiniTienda.csproj", "{25BDE644-035C-4429-821D-7C684889CE47}"
EndProject
Project("{FAE04EC0-301F-11D3-BF4B-00C04F79EFBC}") = "Tienda", "..\Tienda\Tienda.csproj", "{9CEC7795-78E6-40C1-BB9A-5A661EC534E9}"
EndProject
Project("{FAE04EC0-301F-11D3-BF4B-00C04F79EFBC}") = "CodigosExamen", "..\CodigosExamen\CodigosExamen.csproj", "{05F680C3-06FC-4396-B1E1-3EFE20C15A21}"
EndProject
Project("{FAE04EC0-301F-11D3-BF4B-00C04F79EFBC}") = "Calificaciones", "..\Calificaciones\Calificaciones.csproj", "{AB741062-00DD-4CD7-9BEF-61BFA68EF5EE}"
EndProject
Global
	GlobalSection(SolutionConfigurationPlatforms) = preSolution
		Debug|Any CPU = Debug|Any CPU
		Release|Any CPU = Release|Any CPU
	EndGlobalSection
	GlobalSection(ProjectConfigurationPlatforms) = postSolution
		{BD0AECA6-3CC9-43B7-8B27-512AD4E07E4A}.Debug|Any CPU.ActiveCfg = Debug|Any CPU
		{BD0AECA6-3CC9-43B7-8B27-512AD4E07E4A}.Debug|Any CPU.Build.0 = Debug|Any CPU
		{BD0AECA6-3CC9-43B7-8B27-512AD4E07E4A}.Release|Any CPU.ActiveCfg = Release|Any CPU
		{BD0AECA6-3CC9-43B7-8B27-512AD4E07E4A}.Release|Any CPU.Build.0 = Release|Any CPU
		{69B7EC4D-975C-4CE8-A4AF-06832BF2A15F}.Debug|Any CPU.ActiveCfg = Debug|Any CPU
		{69B7EC4D-975C-4CE8-A4AF-06832BF2A15F}.Debug|Any CPU.Build.0 = Debug|Any CPU
		{69B7EC4D-975C-4CE8-A4AF-06832BF2A15F}.Release|Any CPU.ActiveCfg = Release|Any CPU
		{69B7EC4D-975C-4CE8-A4AF-06832BF2A15F}.Release|Any CPU.Build.0 = Release|Any CPU
		{FF0F3BE0-5C32-444C-89DC-DD441F3C746C}.Debug|Any CPU.ActiveCfg = Debug|Any CPU
		{FF0F3BE0-5C32-444C-89DC-DD441F3C746C}.Debug|Any CPU.Build.0 = Debug|Any CPU
		{FF0F3BE0-5C32-444C-89DC-DD441F3C746C}.Release|Any CPU.ActiveCfg = Release|Any CPU
		{FF0F3BE0-5C32-444C-89DC-DD441F3C746C}.Release|Any CPU.Build.0 = Release|Any CPU
		{25BDE644-035C-4429-821D-7C684889CE47}.Debug|Any CPU.ActiveCfg = Debug|Any CPU
		{25BDE644-035C-4429-821D-7C684889CE47}.Debug|Any CPU.Build.0 = Debug|Any CPU
		{25BDE644-035C-4429-821D-7C684889CE47}.Release|Any CPU.ActiveCfg = Release|Any CPU
		{25BDE644-035C-4429-821D-7C684889CE47}.Release|Any CPU.Build.0 = Release|Any CPU
		{9CEC7795-78E6-40C1-BB9A-5A661EC534E9}.Debug|Any CPU.ActiveCfg = Debug|Any CPU
		{9CEC7795-78E6-40C1-BB9A-5A661EC534E9}.Debug|Any CPU.Build.0 = Debug|Any CPU
		{9CEC7795-78E6-40C1-BB9A-5A661EC534E9}.Release|Any CPU.ActiveCfg = Release|Any CPU
		{9CEC7795-78E6-40C1-BB9A-5A661EC534E9}.Release|Any CPU.Build.0 = Release|Any CPU
		{05F680C3-06FC-4396-B1E1-3EFE20C15A21}.Debug|Any CPU.ActiveCfg = Debug|Any CPU
		{05F680C3-06FC-4396-B1E1-3EFE20C15A21}.Debug|Any CPU.Build.0 = Debug|Any CPU
		{05F680C3-06FC-4396-B1E1-3EFE20C15A21}.Release|Any CPU.ActiveCfg = Release|Any CPU
		{05F680C3-06FC-4396-B1E1-3EFE20C15A21}.Release|Any CPU.Build.0 = Release|Any CPU
		{AB741062-00DD-4CD7-9BEF-61BFA68EF5EE}.Debug|Any CPU.ActiveCfg = Debug|Any CPU
		{AB741062-00DD-4CD7-9BEF-61BFA68EF5EE}.Debug|Any CPU.Build.0 = Debug|Any CPU
		{AB741062-00DD-4CD7-9BEF-61BFA68EF5EE}.Release|Any CPU.ActiveCfg = Release|Any CPU
		{AB741062-00DD-4CD7-9BEF-61BFA68EF5EE}.Release|Any CPU.Build.0 = Release|Any CPU
	EndGlobalSection
	GlobalSection(SolutionProperties) = preSolution
		HideSolutionNode = FALSE
	EndGlobalSection
	GlobalSection(ExtensibilityGlobals) = postSolution
		SolutionGuid = {6C8BA4EC-0B10-4EE4-B3CC-7774B28D34CB}
	EndGlobalSection
EndGlobal
